schema: '2.0'
stages:
  data_ingestion:
    cmd: python src/data_ingestion.py
    deps:
    - path: src/data_ingestion.py
      hash: md5
      md5: ff32cef770056aa5e7dc14ffeb70e26e
      size: 2913
    outs:
    - path: data/raw
      hash: md5
      md5: 1a287d34dc172d9f950c03dae35f7e73.dir
      size: 484846
      nfiles: 2
  data_preprocessing:
    cmd: python src/preprocessing.py
    deps:
    - path: data/raw
      hash: md5
      md5: 1a287d34dc172d9f950c03dae35f7e73.dir
      size: 484846
      nfiles: 2
    - path: src/preprocessing.py
      hash: md5
      md5: 0b2c84a49debbc5fb1fcaa87508c4f61
      size: 3298
    outs:
    - path: data/interim
      hash: md5
      md5: d99be5cb2b019d747166f90739fa6d08.dir
      size: 260073
      nfiles: 2
  feature_engineering:
    cmd: python src/feature_engineering.py
    deps:
    - path: data/interim
      hash: md5
      md5: d99be5cb2b019d747166f90739fa6d08.dir
      size: 260073
      nfiles: 2
    - path: src/feature_engineering.py
      hash: md5
      md5: fb7595a663f8c7a9c0f67b6a02253056
      size: 3139
    outs:
    - path: data/processed
      hash: md5
      md5: 75e218e1ef3eca0fbee7bf147502a2e7.dir
      size: 1179996
      nfiles: 2
  model_training:
    cmd: python src/model_training.py
    deps:
    - path: data/processed
      hash: md5
      md5: 75e218e1ef3eca0fbee7bf147502a2e7.dir
      size: 1179996
      nfiles: 2
    - path: src/model_training.py
      hash: md5
      md5: eb9ac56c827006c0706d39fdf194ffd1
      size: 2783
    outs:
    - path: models/model.pkl
      hash: md5
      md5: 1647a66b9e3ee4f89005a25b3e1c90d9
      size: 998454
  model_evaluation:
    cmd: python src/model_evaluation.py
    deps:
    - path: models/model.pkl
      hash: md5
      md5: 1647a66b9e3ee4f89005a25b3e1c90d9
      size: 998454
    - path: src/model_evaluation.py
      hash: md5
      md5: 64269442e65ae3f48d7db5fdf3f129d6
      size: 3307
    outs:
    - path: reports/metrics.json
      hash: md5
      md5: 003b4547b40fb160272deab1caaa9ae4
      size: 149
