schema: '2.0'
stages:
  data_ingestion:
    cmd: python src/data_ingestion.py
    deps:
    - path: src/data_ingestion.py
      hash: md5
      md5: 0f58dd94bae541dbb1044404c6a963d9
      size: 3421
    params:
      params.yaml:
        data_ingestion.test_size: 0.3
    outs:
    - path: data/raw
      hash: md5
      md5: d26befd2dda9438254177d9000d9ba1f.dir
      size: 484846
      nfiles: 2
  data_preprocessing:
    cmd: python src/preprocessing.py
    deps:
    - path: data/raw
      hash: md5
      md5: d26befd2dda9438254177d9000d9ba1f.dir
      size: 484846
      nfiles: 2
    - path: src/preprocessing.py
      hash: md5
      md5: 0b2c84a49debbc5fb1fcaa87508c4f61
      size: 3298
    outs:
    - path: data/interim
      hash: md5
      md5: 61ca13b2e20854a1f7bacbbcfeca409e.dir
      size: 262513
      nfiles: 2
  feature_engineering:
    cmd: python src/feature_engineering.py
    deps:
    - path: data/interim
      hash: md5
      md5: 61ca13b2e20854a1f7bacbbcfeca409e.dir
      size: 262513
      nfiles: 2
    - path: src/feature_engineering.py
      hash: md5
      md5: e67fcca60dac5e655f763fc7c46010ee
      size: 3654
    params:
      params.yaml:
        feature_engineering.max_features: 50
    outs:
    - path: data/processed
      hash: md5
      md5: d09b0c0a66dd2b468bbbc5cc8bcc002b.dir
      size: 1188103
      nfiles: 2
  model_training:
    cmd: python src/model_training.py
    deps:
    - path: data/processed
      hash: md5
      md5: d09b0c0a66dd2b468bbbc5cc8bcc002b.dir
      size: 1188103
      nfiles: 2
    - path: src/model_training.py
      hash: md5
      md5: d668da7c8aab22bde9e475672c65ebae
      size: 3248
    params:
      params.yaml:
        model_training.n_estimators: 25
        model_training.random_state: 2
    outs:
    - path: models/model.pkl
      hash: md5
      md5: b3ce58f31bde751147701d1e1c937620
      size: 899574
  model_evaluation:
    cmd: python src/model_evaluation.py
    deps:
    - path: models/model.pkl
      hash: md5
      md5: b3ce58f31bde751147701d1e1c937620
      size: 899574
    - path: src/model_evaluation.py
      hash: md5
      md5: e7d11f0a1e5a374c2d63520eb07229f5
      size: 4201
    outs:
    - path: reports/metrics.json
      hash: md5
      md5: 85a3c3c85044c3e78c09d1fdfa405548
      size: 147
